# THIS IS AN AUTOGENERATED FILE. DO NOT EDIT THIS FILE DIRECTLY.
# yarn lockfile v1


astring@1.8.6:
  version "1.8.6"
  resolved "https://registry.yarnpkg.com/astring/-/astring-1.8.6.tgz#2c9c157cf1739d67561c56ba896e6948f6b93731"
  integrity sha512-ISvCdHdlTDlH5IpxQJIex7BWBywFWgjJSVdwst+/iQCoEYnyOaQ95+X1JGshuBjGp6nxKUy1jMgE3zPqN7fQdg==
