# THIS IS AN AUTOGENERATED FILE. DO NOT EDIT THIS FILE DIRECTLY.
# yarn lockfile v1


astring@1.8.3:
  version "1.8.3"
  resolved "https://registry.yarnpkg.com/astring/-/astring-1.8.3.tgz#1a0ae738c7cc558f8e5ddc8e3120636f5cebcb85"
  integrity sha512-sRpyiNrx2dEYIMmUXprS8nlpRg2Drs8m9ElX9vVEXaCB4XEAJhKfs7IcX0IwShjuOAjLR6wzIrgoptz1n19i1A==
