# THIS IS AN AUTOGENERATED FILE. DO NOT EDIT THIS FILE DIRECTLY.
# yarn lockfile v1


astring@1.4.3:
  version "1.4.3"
  resolved "https://registry.yarnpkg.com/astring/-/astring-1.4.3.tgz#b99d4b0349bc7b28934bb9f03f86ec34d69c3a09"
  integrity sha512-yJlJU/bmN820vL+cbWShu2YQU87dBP5V7BH2N4wODapRv27A2dZtUD0LgjP9lZENvPe9XRoSyWx+pZR6qKqNBw==
